
Microsoft Visual Studio Solution File, Format Version 12.00
# Visual Studio Version 17
VisualStudioVersion = 17.7.34018.315
MinimumVisualStudioVersion = 10.0.40219.1
Project("{9A19103F-16F7-4668-BE54-9A1E7A4F7556}") = "Crito", "Crito.csproj", "{F4E17CC3-10DF-44F7-927A-2F0E0D699FB3}"
EndProject
Global
	GlobalSection(SolutionConfigurationPlatforms) = preSolution
		Debug|Any CPU = Debug|Any CPU
		Release|Any CPU = Release|Any CPU
	EndGlobalSection
	GlobalSection(ProjectConfigurationPlatforms) = postSolution
		{F4E17CC3-10DF-44F7-927A-2F0E0D699FB3}.Debug|Any CPU.ActiveCfg = Debug|Any CPU
		{F4E17CC3-10DF-44F7-927A-2F0E0D699FB3}.Debug|Any CPU.Build.0 = Debug|Any CPU
		{F4E17CC3-10DF-44F7-927A-2F0E0D699FB3}.Release|Any CPU.ActiveCfg = Release|Any CPU
		{F4E17CC3-10DF-44F7-927A-2F0E0D699FB3}.Release|Any CPU.Build.0 = Release|Any CPU
	EndGlobalSection
	GlobalSection(SolutionProperties) = preSolution
		HideSolutionNode = FALSE
	EndGlobalSection
	GlobalSection(ExtensibilityGlobals) = postSolution
		SolutionGuid = {B9B8033D-CD1A-4161-8E05-D3642C95CDCC}
	EndGlobalSection
EndGlobal
